// !$*UTF8*$!
{
	archiveVersion = 1;
	classes = {
	};
	objectVersion = 55;
	objects = {

/* Begin PBXBuildFile section */
		2E87CB4C292CD80400BB8FB9 /* TaskDM.swift in Sources */ = {isa = PBXBuildFile; fileRef = 2E87CB4B292CD80400BB8FB9 /* TaskDM.swift */; };
		2E87CB4E292CD85D00BB8FB9 /* PriorityEnum.swift in Sources */ = {isa = PBXBuildFile; fileRef = 2E87CB4D292CD85D00BB8FB9 /* PriorityEnum.swift */; };
		2E87CB50292CD89D00BB8FB9 /* TaskGroupDM.swift in Sources */ = {isa = PBXBuildFile; fileRef = 2E87CB4F292CD89D00BB8FB9 /* TaskGroupDM.swift */; };
		2E87CB52292CD8D700BB8FB9 /* GroupeTypeEnum.swift in Sources */ = {isa = PBXBuildFile; fileRef = 2E87CB51292CD8D700BB8FB9 /* GroupeTypeEnum.swift */; };
		2ECA75A3292943A600911F95 /* AppDelegate.swift in Sources */ = {isa = PBXBuildFile; fileRef = 2ECA75A2292943A600911F95 /* AppDelegate.swift */; };
		2ECA75AC292943A600911F95 /* Assets.xcassets in Resources */ = {isa = PBXBuildFile; fileRef = 2ECA75AB292943A600911F95 /* Assets.xcassets */; };
		2ECA75AF292943A600911F95 /* LaunchScreen.storyboard in Resources */ = {isa = PBXBuildFile; fileRef = 2ECA75AD292943A600911F95 /* LaunchScreen.storyboard */; };
		2ECA75B8292943E700911F95 /* MainVC.swift in Sources */ = {isa = PBXBuildFile; fileRef = 2ECA75B6292943E700911F95 /* MainVC.swift */; };
		2ECA75B9292943E700911F95 /* MainVC.xib in Resources */ = {isa = PBXBuildFile; fileRef = 2ECA75B7292943E700911F95 /* MainVC.xib */; };
		2ECA75BC2929485900911F95 /* NewTaskVC.swift in Sources */ = {isa = PBXBuildFile; fileRef = 2ECA75BA2929485900911F95 /* NewTaskVC.swift */; };
		2ECA75BD2929485900911F95 /* NewTaskVC.xib in Resources */ = {isa = PBXBuildFile; fileRef = 2ECA75BB2929485900911F95 /* NewTaskVC.xib */; };
		2ECA75BF29294B0200911F95 /* EX+UIview.swift in Sources */ = {isa = PBXBuildFile; fileRef = 2ECA75BE29294B0200911F95 /* EX+UIview.swift */; };
		2ECA75C22929509D00911F95 /* ChooseVC.swift in Sources */ = {isa = PBXBuildFile; fileRef = 2ECA75C02929509D00911F95 /* ChooseVC.swift */; };
		2ECA75C32929509D00911F95 /* ChooseVC.xib in Resources */ = {isa = PBXBuildFile; fileRef = 2ECA75C12929509D00911F95 /* ChooseVC.xib */; };
		2ECA75C62929548900911F95 /* ItemsTVC.swift in Sources */ = {isa = PBXBuildFile; fileRef = 2ECA75C42929548900911F95 /* ItemsTVC.swift */; };
		2ECA75C72929548900911F95 /* ItemsTVC.xib in Resources */ = {isa = PBXBuildFile; fileRef = 2ECA75C52929548900911F95 /* ItemsTVC.xib */; };
/* End PBXBuildFile section */

/* Begin PBXFileReference section */
		2E87CB4B292CD80400BB8FB9 /* TaskDM.swift */ = {isa = PBXFileReference; lastKnownFileType = sourcecode.swift; path = TaskDM.swift; sourceTree = "<group>"; };
		2E87CB4D292CD85D00BB8FB9 /* PriorityEnum.swift */ = {isa = PBXFileReference; lastKnownFileType = sourcecode.swift; path = PriorityEnum.swift; sourceTree = "<group>"; };
		2E87CB4F292CD89D00BB8FB9 /* TaskGroupDM.swift */ = {isa = PBXFileReference; lastKnownFileType = sourcecode.swift; path = TaskGroupDM.swift; sourceTree = "<group>"; };
		2E87CB51292CD8D700BB8FB9 /* GroupeTypeEnum.swift */ = {isa = PBXFileReference; lastKnownFileType = sourcecode.swift; path = GroupeTypeEnum.swift; sourceTree = "<group>"; };
		2ECA759F292943A600911F95 /* my to-do list.app */ = {isa = PBXFileReference; explicitFileType = wrapper.application; includeInIndex = 0; path = "my to-do list.app"; sourceTree = BUILT_PRODUCTS_DIR; };
		2ECA75A2292943A600911F95 /* AppDelegate.swift */ = {isa = PBXFileReference; lastKnownFileType = sourcecode.swift; path = AppDelegate.swift; sourceTree = "<group>"; };
		2ECA75AB292943A600911F95 /* Assets.xcassets */ = {isa = PBXFileReference; lastKnownFileType = folder.assetcatalog; path = Assets.xcassets; sourceTree = "<group>"; };
		2ECA75AE292943A600911F95 /* Base */ = {isa = PBXFileReference; lastKnownFileType = file.storyboard; name = Base; path = Base.lproj/LaunchScreen.storyboard; sourceTree = "<group>"; };
		2ECA75B0292943A600911F95 /* Info.plist */ = {isa = PBXFileReference; lastKnownFileType = text.plist.xml; path = Info.plist; sourceTree = "<group>"; };
		2ECA75B6292943E700911F95 /* MainVC.swift */ = {isa = PBXFileReference; lastKnownFileType = sourcecode.swift; path = MainVC.swift; sourceTree = "<group>"; };
		2ECA75B7292943E700911F95 /* MainVC.xib */ = {isa = PBXFileReference; lastKnownFileType = file.xib; path = MainVC.xib; sourceTree = "<group>"; };
		2ECA75BA2929485900911F95 /* NewTaskVC.swift */ = {isa = PBXFileReference; lastKnownFileType = sourcecode.swift; path = NewTaskVC.swift; sourceTree = "<group>"; };
		2ECA75BB2929485900911F95 /* NewTaskVC.xib */ = {isa = PBXFileReference; lastKnownFileType = file.xib; path = NewTaskVC.xib; sourceTree = "<group>"; };
		2ECA75BE29294B0200911F95 /* EX+UIview.swift */ = {isa = PBXFileReference; lastKnownFileType = sourcecode.swift; path = "EX+UIview.swift"; sourceTree = "<group>"; };
		2ECA75C02929509D00911F95 /* ChooseVC.swift */ = {isa = PBXFileReference; lastKnownFileType = sourcecode.swift; path = ChooseVC.swift; sourceTree = "<group>"; };
		2ECA75C12929509D00911F95 /* ChooseVC.xib */ = {isa = PBXFileReference; lastKnownFileType = file.xib; path = ChooseVC.xib; sourceTree = "<group>"; };
		2ECA75C42929548900911F95 /* ItemsTVC.swift */ = {isa = PBXFileReference; lastKnownFileType = sourcecode.swift; path = ItemsTVC.swift; sourceTree = "<group>"; };
		2ECA75C52929548900911F95 /* ItemsTVC.xib */ = {isa = PBXFileReference; lastKnownFileType = file.xib; path = ItemsTVC.xib; sourceTree = "<group>"; };
/* End PBXFileReference section */

/* Begin PBXFrameworksBuildPhase section */
		2ECA759C292943A600911F95 /* Frameworks */ = {
			isa = PBXFrameworksBuildPhase;
			buildActionMask = 2147483647;
			files = (
			);
			runOnlyForDeploymentPostprocessing = 0;
		};
/* End PBXFrameworksBuildPhase section */

/* Begin PBXGroup section */
		2E21171F292A11CA00C7A1CE /* TVC */ = {
			isa = PBXGroup;
			children = (
				2ECA75C42929548900911F95 /* ItemsTVC.swift */,
				2ECA75C52929548900911F95 /* ItemsTVC.xib */,
			);
			path = TVC;
			sourceTree = "<group>";
		};
		2E211720292A11D600C7A1CE /* DM */ = {
			isa = PBXGroup;
			children = (
				2E87CB4B292CD80400BB8FB9 /* TaskDM.swift */,
				2E87CB4D292CD85D00BB8FB9 /* PriorityEnum.swift */,
				2E87CB4F292CD89D00BB8FB9 /* TaskGroupDM.swift */,
				2E87CB51292CD8D700BB8FB9 /* GroupeTypeEnum.swift */,
			);
			path = DM;
			sourceTree = "<group>";
		};
		2E211721292A11DD00C7A1CE /* VC */ = {
			isa = PBXGroup;
			children = (
				2ECA75B6292943E700911F95 /* MainVC.swift */,
				2ECA75B7292943E700911F95 /* MainVC.xib */,
				2ECA75BA2929485900911F95 /* NewTaskVC.swift */,
				2ECA75BB2929485900911F95 /* NewTaskVC.xib */,
				2ECA75C02929509D00911F95 /* ChooseVC.swift */,
				2ECA75C12929509D00911F95 /* ChooseVC.xib */,
			);
			path = VC;
			sourceTree = "<group>";
		};
		2ECA7596292943A600911F95 = {
			isa = PBXGroup;
			children = (
				2ECA75A1292943A600911F95 /* my to-do list */,
				2ECA75A0292943A600911F95 /* Products */,
			);
			sourceTree = "<group>";
		};
		2ECA75A0292943A600911F95 /* Products */ = {
			isa = PBXGroup;
			children = (
				2ECA759F292943A600911F95 /* my to-do list.app */,
			);
			name = Products;
			sourceTree = "<group>";
		};
		2ECA75A1292943A600911F95 /* my to-do list */ = {
			isa = PBXGroup;
			children = (
				2E211721292A11DD00C7A1CE /* VC */,
				2E211720292A11D600C7A1CE /* DM */,
				2E21171F292A11CA00C7A1CE /* TVC */,
				2ECA75A2292943A600911F95 /* AppDelegate.swift */,
				2ECA75AB292943A600911F95 /* Assets.xcassets */,
				2ECA75AD292943A600911F95 /* LaunchScreen.storyboard */,
				2ECA75B0292943A600911F95 /* Info.plist */,
				2ECA75BE29294B0200911F95 /* EX+UIview.swift */,
			);
			path = "my to-do list";
			sourceTree = "<group>";
		};
/* End PBXGroup section */

/* Begin PBXNativeTarget section */
		2ECA759E292943A600911F95 /* my to-do list */ = {
			isa = PBXNativeTarget;
			buildConfigurationList = 2ECA75B3292943A600911F95 /* Build configuration list for PBXNativeTarget "my to-do list" */;
			buildPhases = (
				2ECA759B292943A600911F95 /* Sources */,
				2ECA759C292943A600911F95 /* Frameworks */,
				2ECA759D292943A600911F95 /* Resources */,
			);
			buildRules = (
			);
			dependencies = (
			);
			name = "my to-do list";
			productName = "my to-do list";
			productReference = 2ECA759F292943A600911F95 /* my to-do list.app */;
			productType = "com.apple.product-type.application";
		};
/* End PBXNativeTarget section */

/* Begin PBXProject section */
		2ECA7597292943A600911F95 /* Project object */ = {
			isa = PBXProject;
			attributes = {
				BuildIndependentTargetsInParallel = 1;
				LastSwiftUpdateCheck = 1340;
				LastUpgradeCheck = 1340;
				TargetAttributes = {
					2ECA759E292943A600911F95 = {
						CreatedOnToolsVersion = 13.4.1;
					};
				};
			};
			buildConfigurationList = 2ECA759A292943A600911F95 /* Build configuration list for PBXProject "my to-do list" */;
			compatibilityVersion = "Xcode 13.0";
			developmentRegion = en;
			hasScannedForEncodings = 0;
			knownRegions = (
				en,
				Base,
			);
			mainGroup = 2ECA7596292943A600911F95;
			productRefGroup = 2ECA75A0292943A600911F95 /* Products */;
			projectDirPath = "";
			projectRoot = "";
			targets = (
				2ECA759E292943A600911F95 /* my to-do list */,
			);
		};
/* End PBXProject section */

/* Begin PBXResourcesBuildPhase section */
		2ECA759D292943A600911F95 /* Resources */ = {
			isa = PBXResourcesBuildPhase;
			buildActionMask = 2147483647;
			files = (
				2ECA75BD2929485900911F95 /* NewTaskVC.xib in Resources */,
				2ECA75B9292943E700911F95 /* MainVC.xib in Resources */,
				2ECA75C72929548900911F95 /* ItemsTVC.xib in Resources */,
				2ECA75AF292943A600911F95 /* LaunchScreen.storyboard in Resources */,
				2ECA75C32929509D00911F95 /* ChooseVC.xib in Resources */,
				2ECA75AC292943A600911F95 /* Assets.xcassets in Resources */,
			);
			runOnlyForDeploymentPostprocessing = 0;
		};
/* End PBXResourcesBuildPhase section */

/* Begin PBXSourcesBuildPhase section */
		2ECA759B292943A600911F95 /* Sources */ = {
			isa = PBXSourcesBuildPhase;
			buildActionMask = 2147483647;
			files = (
				2ECA75A3292943A600911F95 /* AppDelegate.swift in Sources */,
				2ECA75BC2929485900911F95 /* NewTaskVC.swift in Sources */,
				2ECA75C62929548900911F95 /* ItemsTVC.swift in Sources */,
				2ECA75C22929509D00911F95 /* ChooseVC.swift in Sources */,
				2E87CB52292CD8D700BB8FB9 /* GroupeTypeEnum.swift in Sources */,
				2E87CB50292CD89D00BB8FB9 /* TaskGroupDM.swift in Sources */,
				2E87CB4E292CD85D00BB8FB9 /* PriorityEnum.swift in Sources */,
				2ECA75B8292943E700911F95 /* MainVC.swift in Sources */,
				2E87CB4C292CD80400BB8FB9 /* TaskDM.swift in Sources */,
				2ECA75BF29294B0200911F95 /* EX+UIview.swift in Sources */,
			);
			runOnlyForDeploymentPostprocessing = 0;
		};
/* End PBXSourcesBuildPhase section */

/* Begin PBXVariantGroup section */
		2ECA75AD292943A600911F95 /* LaunchScreen.storyboard */ = {
			isa = PBXVariantGroup;
			children = (
				2ECA75AE292943A600911F95 /* Base */,
			);
			name = LaunchScreen.storyboard;
			sourceTree = "<group>";
		};
/* End PBXVariantGroup section */

/* Begin XCBuildConfiguration section */
		2ECA75B1292943A600911F95 /* Debug */ = {
			isa = XCBuildConfiguration;
			buildSettings = {
				ALWAYS_SEARCH_USER_PATHS = NO;
				CLANG_ANALYZER_NONNULL = YES;
				CLANG_ANALYZER_NUMBER_OBJECT_CONVERSION = YES_AGGRESSIVE;
				CLANG_CXX_LANGUAGE_STANDARD = "gnu++17";
				CLANG_ENABLE_MODULES = YES;
				CLANG_ENABLE_OBJC_ARC = YES;
				CLANG_ENABLE_OBJC_WEAK = YES;
				CLANG_WARN_BLOCK_CAPTURE_AUTORELEASING = YES;
				CLANG_WARN_BOOL_CONVERSION = YES;
				CLANG_WARN_COMMA = YES;
				CLANG_WARN_CONSTANT_CONVERSION = YES;
				CLANG_WARN_DEPRECATED_OBJC_IMPLEMENTATIONS = YES;
				CLANG_WARN_DIRECT_OBJC_ISA_USAGE = YES_ERROR;
				CLANG_WARN_DOCUMENTATION_COMMENTS = YES;
				CLANG_WARN_EMPTY_BODY = YES;
				CLANG_WARN_ENUM_CONVERSION = YES;
				CLANG_WARN_INFINITE_RECURSION = YES;
				CLANG_WARN_INT_CONVERSION = YES;
				CLANG_WARN_NON_LITERAL_NULL_CONVERSION = YES;
				CLANG_WARN_OBJC_IMPLICIT_RETAIN_SELF = YES;
				CLANG_WARN_OBJC_LITERAL_CONVERSION = YES;
				CLANG_WARN_OBJC_ROOT_CLASS = YES_ERROR;
				CLANG_WARN_QUOTED_INCLUDE_IN_FRAMEWORK_HEADER = YES;
				CLANG_WARN_RANGE_LOOP_ANALYSIS = YES;
				CLANG_WARN_STRICT_PROTOTYPES = YES;
				CLANG_WARN_SUSPICIOUS_MOVE = YES;
				CLANG_WARN_UNGUARDED_AVAILABILITY = YES_AGGRESSIVE;
				CLANG_WARN_UNREACHABLE_CODE = YES;
				CLANG_WARN__DUPLICATE_METHOD_MATCH = YES;
				COPY_PHASE_STRIP = NO;
				DEBUG_INFORMATION_FORMAT = dwarf;
				ENABLE_STRICT_OBJC_MSGSEND = YES;
				ENABLE_TESTABILITY = YES;
				GCC_C_LANGUAGE_STANDARD = gnu11;
				GCC_DYNAMIC_NO_PIC = NO;
				GCC_NO_COMMON_BLOCKS = YES;
				GCC_OPTIMIZATION_LEVEL = 0;
				GCC_PREPROCESSOR_DEFINITIONS = (
					"DEBUG=1",
					"$(inherited)",
				);
				GCC_WARN_64_TO_32_BIT_CONVERSION = YES;
				GCC_WARN_ABOUT_RETURN_TYPE = YES_ERROR;
				GCC_WARN_UNDECLARED_SELECTOR = YES;
				GCC_WARN_UNINITIALIZED_AUTOS = YES_AGGRESSIVE;
				GCC_WARN_UNUSED_FUNCTION = YES;
				GCC_WARN_UNUSED_VARIABLE = YES;
				IPHONEOS_DEPLOYMENT_TARGET = 15.5;
				MTL_ENABLE_DEBUG_INFO = INCLUDE_SOURCE;
				MTL_FAST_MATH = YES;
				ONLY_ACTIVE_ARCH = YES;
				SDKROOT = iphoneos;
				SWIFT_ACTIVE_COMPILATION_CONDITIONS = DEBUG;
				SWIFT_OPTIMIZATION_LEVEL = "-Onone";
			};
			name = Debug;
		};
		2ECA75B2292943A600911F95 /* Release */ = {
			isa = XCBuildConfiguration;
			buildSettings = {
				ALWAYS_SEARCH_USER_PATHS = NO;
				CLANG_ANALYZER_NONNULL = YES;
				CLANG_ANALYZER_NUMBER_OBJECT_CONVERSION = YES_AGGRESSIVE;
				CLANG_CXX_LANGUAGE_STANDARD = "gnu++17";
				CLANG_ENABLE_MODULES = YES;
				CLANG_ENABLE_OBJC_ARC = YES;
				CLANG_ENABLE_OBJC_WEAK = YES;
				CLANG_WARN_BLOCK_CAPTURE_AUTORELEASING = YES;
				CLANG_WARN_BOOL_CONVERSION = YES;
				CLANG_WARN_COMMA = YES;
				CLANG_WARN_CONSTANT_CONVERSION = YES;
				CLANG_WARN_DEPRECATED_OBJC_IMPLEMENTATIONS = YES;
				CLANG_WARN_DIRECT_OBJC_ISA_USAGE = YES_ERROR;
				CLANG_WARN_DOCUMENTATION_COMMENTS = YES;
				CLANG_WARN_EMPTY_BODY = YES;
				CLANG_WARN_ENUM_CONVERSION = YES;
				CLANG_WARN_INFINITE_RECURSION = YES;
				CLANG_WARN_INT_CONVERSION = YES;
				CLANG_WARN_NON_LITERAL_NULL_CONVERSION = YES;
				CLANG_WARN_OBJC_IMPLICIT_RETAIN_SELF = YES;
				CLANG_WARN_OBJC_LITERAL_CONVERSION = YES;
				CLANG_WARN_OBJC_ROOT_CLASS = YES_ERROR;
				CLANG_WARN_QUOTED_INCLUDE_IN_FRAMEWORK_HEADER = YES;
				CLANG_WARN_RANGE_LOOP_ANALYSIS = YES;
				CLANG_WARN_STRICT_PROTOTYPES = YES;
				CLANG_WARN_SUSPICIOUS_MOVE = YES;
				CLANG_WARN_UNGUARDED_AVAILABILITY = YES_AGGRESSIVE;
				CLANG_WARN_UNREACHABLE_CODE = YES;
				CLANG_WARN__DUPLICATE_METHOD_MATCH = YES;
				COPY_PHASE_STRIP = NO;
				DEBUG_INFORMATION_FORMAT = "dwarf-with-dsym";
				ENABLE_NS_ASSERTIONS = NO;
				ENABLE_STRICT_OBJC_MSGSEND = YES;
				GCC_C_LANGUAGE_STANDARD = gnu11;
				GCC_NO_COMMON_BLOCKS = YES;
				GCC_WARN_64_TO_32_BIT_CONVERSION = YES;
				GCC_WARN_ABOUT_RETURN_TYPE = YES_ERROR;
				GCC_WARN_UNDECLARED_SELECTOR = YES;
				GCC_WARN_UNINITIALIZED_AUTOS = YES_AGGRESSIVE;
				GCC_WARN_UNUSED_FUNCTION = YES;
				GCC_WARN_UNUSED_VARIABLE = YES;
				IPHONEOS_DEPLOYMENT_TARGET = 15.5;
				MTL_ENABLE_DEBUG_INFO = NO;
				MTL_FAST_MATH = YES;
				SDKROOT = iphoneos;
				SWIFT_COMPILATION_MODE = wholemodule;
				SWIFT_OPTIMIZATION_LEVEL = "-O";
				VALIDATE_PRODUCT = YES;
			};
			name = Release;
		};
		2ECA75B4292943A600911F95 /* Debug */ = {
			isa = XCBuildConfiguration;
			buildSettings = {
				ASSETCATALOG_COMPILER_APPICON_NAME = AppIcon;
				ASSETCATALOG_COMPILER_GLOBAL_ACCENT_COLOR_NAME = AccentColor;
				CODE_SIGN_STYLE = Automatic;
				CURRENT_PROJECT_VERSION = 1;
				GENERATE_INFOPLIST_FILE = YES;
				INFOPLIST_FILE = "my to-do list/Info.plist";
				INFOPLIST_KEY_UIApplicationSupportsIndirectInputEvents = YES;
				INFOPLIST_KEY_UILaunchStoryboardName = LaunchScreen;
				INFOPLIST_KEY_UISupportedInterfaceOrientations_iPad = "UIInterfaceOrientationPortrait UIInterfaceOrientationPortraitUpsideDown UIInterfaceOrientationLandscapeLeft UIInterfaceOrientationLandscapeRight";
				INFOPLIST_KEY_UISupportedInterfaceOrientations_iPhone = "UIInterfaceOrientationPortrait UIInterfaceOrientationLandscapeLeft UIInterfaceOrientationLandscapeRight";
				LD_RUNPATH_SEARCH_PATHS = (
					"$(inherited)",
					"@executable_path/Frameworks",
				);
				MARKETING_VERSION = 1.0;
				PRODUCT_BUNDLE_IDENTIFIER = "com.panjiyev.my-to-do-list";
				PRODUCT_NAME = "$(TARGET_NAME)";
				SWIFT_EMIT_LOC_STRINGS = YES;
				SWIFT_VERSION = 5.0;
				TARGETED_DEVICE_FAMILY = "1,2";
			};
			name = Debug;
		};
		2ECA75B5292943A600911F95 /* Release */ = {
			isa = XCBuildConfiguration;
			buildSettings = {
				ASSETCATALOG_COMPILER_APPICON_NAME = AppIcon;
				ASSETCATALOG_COMPILER_GLOBAL_ACCENT_COLOR_NAME = AccentColor;
				CODE_SIGN_STYLE = Automatic;
				CURRENT_PROJECT_VERSION = 1;
				GENERATE_INFOPLIST_FILE = YES;
				INFOPLIST_FILE = "my to-do list/Info.plist";
				INFOPLIST_KEY_UIApplicationSupportsIndirectInputEvents = YES;
				INFOPLIST_KEY_UILaunchStoryboardName = LaunchScreen;
				INFOPLIST_KEY_UISupportedInterfaceOrientations_iPad = "UIInterfaceOrientationPortrait UIInterfaceOrientationPortraitUpsideDown UIInterfaceOrientationLandscapeLeft UIInterfaceOrientationLandscapeRight";
				INFOPLIST_KEY_UISupportedInterfaceOrientations_iPhone = "UIInterfaceOrientationPortrait UIInterfaceOrientationLandscapeLeft UIInterfaceOrientationLandscapeRight";
				LD_RUNPATH_SEARCH_PATHS = (
					"$(inherited)",
					"@executable_path/Frameworks",
				);
				MARKETING_VERSION = 1.0;
				PRODUCT_BUNDLE_IDENTIFIER = "com.panjiyev.my-to-do-list";
				PRODUCT_NAME = "$(TARGET_NAME)";
				SWIFT_EMIT_LOC_STRINGS = YES;
				SWIFT_VERSION = 5.0;
				TARGETED_DEVICE_FAMILY = "1,2";
			};
			name = Release;
		};
/* End XCBuildConfiguration section */

/* Begin XCConfigurationList section */
		2ECA759A292943A600911F95 /* Build configuration list for PBXProject "my to-do list" */ = {
			isa = XCConfigurationList;
			buildConfigurations = (
				2ECA75B1292943A600911F95 /* Debug */,
				2ECA75B2292943A600911F95 /* Release */,
			);
			defaultConfigurationIsVisible = 0;
			defaultConfigurationName = Release;
		};
		2ECA75B3292943A600911F95 /* Build configuration list for PBXNativeTarget "my to-do list" */ = {
			isa = XCConfigurationList;
			buildConfigurations = (
				2ECA75B4292943A600911F95 /* Debug */,
				2ECA75B5292943A600911F95 /* Release */,
			);
			defaultConfigurationIsVisible = 0;
			defaultConfigurationName = Release;
		};
/* End XCConfigurationList section */
	};
	rootObject = 2ECA7597292943A600911F95 /* Project object */;
}
